
Microsoft Visual Studio Solution File, Format Version 12.00
# Visual Studio 15
VisualStudioVersion = 15.0.27703.2026
MinimumVisualStudioVersion = 10.0.40219.1
Project("{8BC9CEB8-8B4A-11D0-8D11-00A0C91BC942}") = "Monte_Carlo_Library", "Monte_Carlo_Library\Monte_Carlo_Library.vcxproj", "{51C10183-A348-41DC-9E6B-3AE2E5A74507}"
EndProject
Global
	GlobalSection(SolutionConfigurationPlatforms) = preSolution
		Debug|x64 = Debug|x64
		Debug|x86 = Debug|x86
		Release|x64 = Release|x64
		Release|x86 = Release|x86
	EndGlobalSection
	GlobalSection(ProjectConfigurationPlatforms) = postSolution
		{51C10183-A348-41DC-9E6B-3AE2E5A74507}.Debug|x64.ActiveCfg = Debug|x64
		{51C10183-A348-41DC-9E6B-3AE2E5A74507}.Debug|x64.Build.0 = Debug|x64
		{51C10183-A348-41DC-9E6B-3AE2E5A74507}.Debug|x86.ActiveCfg = Debug|Win32
		{51C10183-A348-41DC-9E6B-3AE2E5A74507}.Debug|x86.Build.0 = Debug|Win32
		{51C10183-A348-41DC-9E6B-3AE2E5A74507}.Release|x64.ActiveCfg = Release|x64
		{51C10183-A348-41DC-9E6B-3AE2E5A74507}.Release|x64.Build.0 = Release|x64
		{51C10183-A348-41DC-9E6B-3AE2E5A74507}.Release|x86.ActiveCfg = Release|Win32
		{51C10183-A348-41DC-9E6B-3AE2E5A74507}.Release|x86.Build.0 = Release|Win32
	EndGlobalSection
	GlobalSection(SolutionProperties) = preSolution
		HideSolutionNode = FALSE
	EndGlobalSection
	GlobalSection(ExtensibilityGlobals) = postSolution
		SolutionGuid = {98571FA4-FDAB-4995-AB59-512455F661BD}
	EndGlobalSection
EndGlobal
